
Microsoft Visual Studio Solution File, Format Version 12.00
# Visual Studio Version 17
VisualStudioVersion = 17.4.33213.308
MinimumVisualStudioVersion = 10.0.40219.1
Project("{FAE04EC0-301F-11D3-BF4B-00C04F79EFBC}") = "InfiSecurityCameras", "InfiSecurityCameras\InfiSecurityCameras.csproj", "{2808B25C-D394-4BBE-AB28-45822523F160}"
EndProject
Project("{FAE04EC0-301F-11D3-BF4B-00C04F79EFBC}") = "CLISecureCams", "CLISecureCams\CLISecureCams.csproj", "{FDF963D4-5BDC-4004-9706-643BA2A67C8D}"
EndProject
Global
	GlobalSection(SolutionConfigurationPlatforms) = preSolution
		Debug|Any CPU = Debug|Any CPU
		Release|Any CPU = Release|Any CPU
	EndGlobalSection
	GlobalSection(ProjectConfigurationPlatforms) = postSolution
		{2808B25C-D394-4BBE-AB28-45822523F160}.Debug|Any CPU.ActiveCfg = Debug|Any CPU
		{2808B25C-D394-4BBE-AB28-45822523F160}.Debug|Any CPU.Build.0 = Debug|Any CPU
		{2808B25C-D394-4BBE-AB28-45822523F160}.Release|Any CPU.ActiveCfg = Release|Any CPU
		{2808B25C-D394-4BBE-AB28-45822523F160}.Release|Any CPU.Build.0 = Release|Any CPU
		{FDF963D4-5BDC-4004-9706-643BA2A67C8D}.Debug|Any CPU.ActiveCfg = Debug|Any CPU
		{FDF963D4-5BDC-4004-9706-643BA2A67C8D}.Debug|Any CPU.Build.0 = Debug|Any CPU
		{FDF963D4-5BDC-4004-9706-643BA2A67C8D}.Release|Any CPU.ActiveCfg = Release|Any CPU
		{FDF963D4-5BDC-4004-9706-643BA2A67C8D}.Release|Any CPU.Build.0 = Release|Any CPU
	EndGlobalSection
	GlobalSection(SolutionProperties) = preSolution
		HideSolutionNode = FALSE
	EndGlobalSection
	GlobalSection(ExtensibilityGlobals) = postSolution
		SolutionGuid = {327F2B3C-7221-4F29-B17E-E7F732A3A1D7}
	EndGlobalSection
EndGlobal
